
Microsoft Visual Studio Solution File, Format Version 12.00
# Visual Studio 14
VisualStudioVersion = 14.0.23107.0
MinimumVisualStudioVersion = 10.0.40219.1
Project("{2150E333-8FDC-42A3-9474-1A3956D46DE8}") = "Web", "Web", "{EBAB19A9-891F-41EB-BDB0-D8093E65E75E}"
EndProject
Project("{FAE04EC0-301F-11D3-BF4B-00C04F79EFBC}") = "GmailClient.Web", "Web\GmailClient.Web\GmailClient.Web.csproj", "{02AEBCBD-89AD-4A60-99F8-2D4F59F9FB25}"
EndProject
Project("{FAE04EC0-301F-11D3-BF4B-00C04F79EFBC}") = "GmailClient.Web.Tests", "GmailClient.Web.Tests\GmailClient.Web.Tests.csproj", "{5C4FDFBD-6851-49C4-B032-7E8047655B63}"
EndProject
Project("{2150E333-8FDC-42A3-9474-1A3956D46DE8}") = "Tests", "Tests", "{43960647-13AE-4B12-BE65-B074A6581EB8}"
EndProject
Project("{2150E333-8FDC-42A3-9474-1A3956D46DE8}") = "Data", "Data", "{706D456C-3B93-4F89-833B-ECC81DE038B8}"
EndProject
Project("{2150E333-8FDC-42A3-9474-1A3956D46DE8}") = "Business", "Business", "{07F62FB4-E9F6-48D4-9AB4-4AE78D8625A5}"
EndProject
Project("{FAE04EC0-301F-11D3-BF4B-00C04F79EFBC}") = "Model", "Data\Model\Model.csproj", "{65F52C74-0F69-4DCF-B14E-DE8D0A7D4572}"
EndProject
Project("{FAE04EC0-301F-11D3-BF4B-00C04F79EFBC}") = "IData", "Data\IData\IData.csproj", "{7D0C5F61-A273-4EE1-87F1-801F82FA5935}"
EndProject
Project("{FAE04EC0-301F-11D3-BF4B-00C04F79EFBC}") = "Data", "Data\Data\Data.csproj", "{3FE29106-281B-41AA-A683-71744D034234}"
EndProject
Project("{FAE04EC0-301F-11D3-BF4B-00C04F79EFBC}") = "IRepository", "Business\IRepository\IRepository.csproj", "{FBF4E63B-253F-4EC2-BFA9-EE46CE523529}"
EndProject
Project("{FAE04EC0-301F-11D3-BF4B-00C04F79EFBC}") = "Repository", "Business\Repository\Repository.csproj", "{F2661962-5938-46E2-893C-1EEF9E51EE1F}"
EndProject
Project("{2150E333-8FDC-42A3-9474-1A3956D46DE8}") = "Helpers", "Helpers", "{9ACA66AA-9B8A-4AF9-BEE1-EE7F5E4D1A39}"
EndProject
Project("{FAE04EC0-301F-11D3-BF4B-00C04F79EFBC}") = "Helpers", "Helpers\Helpers\Helpers.csproj", "{CEF98923-9BD2-4763-ABC5-DD2C89DD79CA}"
EndProject
Project("{FAE04EC0-301F-11D3-BF4B-00C04F79EFBC}") = "GmailClient.Constants", "Helpers\GmailClient.Constants\GmailClient.Constants.csproj", "{9490DDA6-1D88-4B72-A4F8-49131AC14090}"
EndProject
Project("{2150E333-8FDC-42A3-9474-1A3956D46DE8}") = "ExternalProviders", "ExternalProviders", "{412CC456-3B85-4B84-B537-F5C7721913A5}"
EndProject
Project("{FAE04EC0-301F-11D3-BF4B-00C04F79EFBC}") = "GmailClient.ExternalProviders", "ExternalProviders\GmalClient.ExternalProviders\GmailClient.ExternalProviders.csproj", "{49EA9D65-E74B-4BF1-96E9-5402FADF0BD6}"
EndProject
Project("{2150E333-8FDC-42A3-9474-1A3956D46DE8}") = "Classes", "Classes", "{7709F8F3-2DB4-4035-8408-7117A55B92C2}"
EndProject
Project("{FAE04EC0-301F-11D3-BF4B-00C04F79EFBC}") = "GmailClient.Classes", "Classes\GmailClient.Classes\GmailClient.Classes.csproj", "{C8F75D75-8516-4C46-BFE1-57A20E927F0A}"
EndProject
Project("{FAE04EC0-301F-11D3-BF4B-00C04F79EFBC}") = "Helpers.Test", "Helpers\Helpers.Test\Helpers.Test.csproj", "{FF287AD5-FC83-4E84-8016-78253A9E2E80}"
EndProject
Global
	GlobalSection(SolutionConfigurationPlatforms) = preSolution
		Debug|Any CPU = Debug|Any CPU
		Release|Any CPU = Release|Any CPU
	EndGlobalSection
	GlobalSection(ProjectConfigurationPlatforms) = postSolution
		{02AEBCBD-89AD-4A60-99F8-2D4F59F9FB25}.Debug|Any CPU.ActiveCfg = Debug|Any CPU
		{02AEBCBD-89AD-4A60-99F8-2D4F59F9FB25}.Debug|Any CPU.Build.0 = Debug|Any CPU
		{02AEBCBD-89AD-4A60-99F8-2D4F59F9FB25}.Release|Any CPU.ActiveCfg = Release|Any CPU
		{02AEBCBD-89AD-4A60-99F8-2D4F59F9FB25}.Release|Any CPU.Build.0 = Release|Any CPU
		{5C4FDFBD-6851-49C4-B032-7E8047655B63}.Debug|Any CPU.ActiveCfg = Debug|Any CPU
		{5C4FDFBD-6851-49C4-B032-7E8047655B63}.Debug|Any CPU.Build.0 = Debug|Any CPU
		{5C4FDFBD-6851-49C4-B032-7E8047655B63}.Release|Any CPU.ActiveCfg = Release|Any CPU
		{5C4FDFBD-6851-49C4-B032-7E8047655B63}.Release|Any CPU.Build.0 = Release|Any CPU
		{65F52C74-0F69-4DCF-B14E-DE8D0A7D4572}.Debug|Any CPU.ActiveCfg = Debug|Any CPU
		{65F52C74-0F69-4DCF-B14E-DE8D0A7D4572}.Debug|Any CPU.Build.0 = Debug|Any CPU
		{65F52C74-0F69-4DCF-B14E-DE8D0A7D4572}.Release|Any CPU.ActiveCfg = Release|Any CPU
		{65F52C74-0F69-4DCF-B14E-DE8D0A7D4572}.Release|Any CPU.Build.0 = Release|Any CPU
		{7D0C5F61-A273-4EE1-87F1-801F82FA5935}.Debug|Any CPU.ActiveCfg = Debug|Any CPU
		{7D0C5F61-A273-4EE1-87F1-801F82FA5935}.Debug|Any CPU.Build.0 = Debug|Any CPU
		{7D0C5F61-A273-4EE1-87F1-801F82FA5935}.Release|Any CPU.ActiveCfg = Release|Any CPU
		{7D0C5F61-A273-4EE1-87F1-801F82FA5935}.Release|Any CPU.Build.0 = Release|Any CPU
		{3FE29106-281B-41AA-A683-71744D034234}.Debug|Any CPU.ActiveCfg = Debug|Any CPU
		{3FE29106-281B-41AA-A683-71744D034234}.Debug|Any CPU.Build.0 = Debug|Any CPU
		{3FE29106-281B-41AA-A683-71744D034234}.Release|Any CPU.ActiveCfg = Release|Any CPU
		{3FE29106-281B-41AA-A683-71744D034234}.Release|Any CPU.Build.0 = Release|Any CPU
		{FBF4E63B-253F-4EC2-BFA9-EE46CE523529}.Debug|Any CPU.ActiveCfg = Debug|Any CPU
		{FBF4E63B-253F-4EC2-BFA9-EE46CE523529}.Debug|Any CPU.Build.0 = Debug|Any CPU
		{FBF4E63B-253F-4EC2-BFA9-EE46CE523529}.Release|Any CPU.ActiveCfg = Release|Any CPU
		{FBF4E63B-253F-4EC2-BFA9-EE46CE523529}.Release|Any CPU.Build.0 = Release|Any CPU
		{F2661962-5938-46E2-893C-1EEF9E51EE1F}.Debug|Any CPU.ActiveCfg = Debug|Any CPU
		{F2661962-5938-46E2-893C-1EEF9E51EE1F}.Debug|Any CPU.Build.0 = Debug|Any CPU
		{F2661962-5938-46E2-893C-1EEF9E51EE1F}.Release|Any CPU.ActiveCfg = Release|Any CPU
		{F2661962-5938-46E2-893C-1EEF9E51EE1F}.Release|Any CPU.Build.0 = Release|Any CPU
		{CEF98923-9BD2-4763-ABC5-DD2C89DD79CA}.Debug|Any CPU.ActiveCfg = Debug|Any CPU
		{CEF98923-9BD2-4763-ABC5-DD2C89DD79CA}.Debug|Any CPU.Build.0 = Debug|Any CPU
		{CEF98923-9BD2-4763-ABC5-DD2C89DD79CA}.Release|Any CPU.ActiveCfg = Release|Any CPU
		{CEF98923-9BD2-4763-ABC5-DD2C89DD79CA}.Release|Any CPU.Build.0 = Release|Any CPU
		{9490DDA6-1D88-4B72-A4F8-49131AC14090}.Debug|Any CPU.ActiveCfg = Debug|Any CPU
		{9490DDA6-1D88-4B72-A4F8-49131AC14090}.Debug|Any CPU.Build.0 = Debug|Any CPU
		{9490DDA6-1D88-4B72-A4F8-49131AC14090}.Release|Any CPU.ActiveCfg = Release|Any CPU
		{9490DDA6-1D88-4B72-A4F8-49131AC14090}.Release|Any CPU.Build.0 = Release|Any CPU
		{49EA9D65-E74B-4BF1-96E9-5402FADF0BD6}.Debug|Any CPU.ActiveCfg = Debug|Any CPU
		{49EA9D65-E74B-4BF1-96E9-5402FADF0BD6}.Debug|Any CPU.Build.0 = Debug|Any CPU
		{49EA9D65-E74B-4BF1-96E9-5402FADF0BD6}.Release|Any CPU.ActiveCfg = Release|Any CPU
		{49EA9D65-E74B-4BF1-96E9-5402FADF0BD6}.Release|Any CPU.Build.0 = Release|Any CPU
		{C8F75D75-8516-4C46-BFE1-57A20E927F0A}.Debug|Any CPU.ActiveCfg = Debug|Any CPU
		{C8F75D75-8516-4C46-BFE1-57A20E927F0A}.Debug|Any CPU.Build.0 = Debug|Any CPU
		{C8F75D75-8516-4C46-BFE1-57A20E927F0A}.Release|Any CPU.ActiveCfg = Release|Any CPU
		{C8F75D75-8516-4C46-BFE1-57A20E927F0A}.Release|Any CPU.Build.0 = Release|Any CPU
		{FF287AD5-FC83-4E84-8016-78253A9E2E80}.Debug|Any CPU.ActiveCfg = Debug|Any CPU
		{FF287AD5-FC83-4E84-8016-78253A9E2E80}.Debug|Any CPU.Build.0 = Debug|Any CPU
		{FF287AD5-FC83-4E84-8016-78253A9E2E80}.Release|Any CPU.ActiveCfg = Release|Any CPU
		{FF287AD5-FC83-4E84-8016-78253A9E2E80}.Release|Any CPU.Build.0 = Release|Any CPU
	EndGlobalSection
	GlobalSection(SolutionProperties) = preSolution
		HideSolutionNode = FALSE
	EndGlobalSection
	GlobalSection(NestedProjects) = preSolution
		{02AEBCBD-89AD-4A60-99F8-2D4F59F9FB25} = {EBAB19A9-891F-41EB-BDB0-D8093E65E75E}
		{5C4FDFBD-6851-49C4-B032-7E8047655B63} = {43960647-13AE-4B12-BE65-B074A6581EB8}
		{65F52C74-0F69-4DCF-B14E-DE8D0A7D4572} = {706D456C-3B93-4F89-833B-ECC81DE038B8}
		{7D0C5F61-A273-4EE1-87F1-801F82FA5935} = {706D456C-3B93-4F89-833B-ECC81DE038B8}
		{3FE29106-281B-41AA-A683-71744D034234} = {706D456C-3B93-4F89-833B-ECC81DE038B8}
		{FBF4E63B-253F-4EC2-BFA9-EE46CE523529} = {07F62FB4-E9F6-48D4-9AB4-4AE78D8625A5}
		{F2661962-5938-46E2-893C-1EEF9E51EE1F} = {07F62FB4-E9F6-48D4-9AB4-4AE78D8625A5}
		{CEF98923-9BD2-4763-ABC5-DD2C89DD79CA} = {9ACA66AA-9B8A-4AF9-BEE1-EE7F5E4D1A39}
		{9490DDA6-1D88-4B72-A4F8-49131AC14090} = {9ACA66AA-9B8A-4AF9-BEE1-EE7F5E4D1A39}
		{49EA9D65-E74B-4BF1-96E9-5402FADF0BD6} = {412CC456-3B85-4B84-B537-F5C7721913A5}
		{C8F75D75-8516-4C46-BFE1-57A20E927F0A} = {7709F8F3-2DB4-4035-8408-7117A55B92C2}
		{FF287AD5-FC83-4E84-8016-78253A9E2E80} = {43960647-13AE-4B12-BE65-B074A6581EB8}
	EndGlobalSection
EndGlobal
